
Microsoft Visual Studio Solution File, Format Version 12.00
# Visual Studio Version 16
VisualStudioVersion = 16.0.32126.315
MinimumVisualStudioVersion = 10.0.40219.1
Project("{FAE04EC0-301F-11D3-BF4B-00C04F79EFBC}") = "4RealEstate", "4RealEstate\4RealEstate.csproj", "{D5DA3DA7-2E08-443C-BB6D-79658983D8A0}"
EndProject
Global
	GlobalSection(SolutionConfigurationPlatforms) = preSolution
		Debug|Any CPU = Debug|Any CPU
		Release|Any CPU = Release|Any CPU
	EndGlobalSection
	GlobalSection(ProjectConfigurationPlatforms) = postSolution
		{D5DA3DA7-2E08-443C-BB6D-79658983D8A0}.Debug|Any CPU.ActiveCfg = Debug|Any CPU
		{D5DA3DA7-2E08-443C-BB6D-79658983D8A0}.Debug|Any CPU.Build.0 = Debug|Any CPU
		{D5DA3DA7-2E08-443C-BB6D-79658983D8A0}.Release|Any CPU.ActiveCfg = Release|Any CPU
		{D5DA3DA7-2E08-443C-BB6D-79658983D8A0}.Release|Any CPU.Build.0 = Release|Any CPU
	EndGlobalSection
	GlobalSection(SolutionProperties) = preSolution
		HideSolutionNode = FALSE
	EndGlobalSection
	GlobalSection(ExtensibilityGlobals) = postSolution
		SolutionGuid = {E0263182-E54C-4586-A782-30273B8AE00E}
	EndGlobalSection
EndGlobal
